// !$*UTF8*$!
{
	archiveVersion = 1;
	classes = {
	};
	objectVersion = 46;
	objects = {

/* Begin PBXBuildFile section */
		6F1BF0BF192C63550076E00D /* burger.png in Resources */ = {isa = PBXBuildFile; fileRef = 6F1BF0BD192C63550076E00D /* burger.png */; };
		6F1BF0C0192C63550076E00D /* burger@2x.png in Resources */ = {isa = PBXBuildFile; fileRef = 6F1BF0BE192C63550076E00D /* burger@2x.png */; };
		6F1BF0C7192C65310076E00D /* gear.png in Resources */ = {isa = PBXBuildFile; fileRef = 6F1BF0C1192C65310076E00D /* gear.png */; };
		6F1BF0C8192C65310076E00D /* gear@2x.png in Resources */ = {isa = PBXBuildFile; fileRef = 6F1BF0C2192C65310076E00D /* gear@2x.png */; };
		6F1BF0C9192C65310076E00D /* globe.png in Resources */ = {isa = PBXBuildFile; fileRef = 6F1BF0C3192C65310076E00D /* globe.png */; };
		6F1BF0CA192C65310076E00D /* globe@2x.png in Resources */ = {isa = PBXBuildFile; fileRef = 6F1BF0C4192C65310076E00D /* globe@2x.png */; };
		6F1BF0CB192C65310076E00D /* profile.png in Resources */ = {isa = PBXBuildFile; fileRef = 6F1BF0C5192C65310076E00D /* profile.png */; };
		6F1BF0CC192C65310076E00D /* profile@2x.png in Resources */ = {isa = PBXBuildFile; fileRef = 6F1BF0C6192C65310076E00D /* profile@2x.png */; };
		6F1BF0D0192C6A080076E00D /* SIRouteTableViewController.m in Sources */ = {isa = PBXBuildFile; fileRef = 6F1BF0CE192C6A080076E00D /* SIRouteTableViewController.m */; };
		6F1BF0D1192C6A080076E00D /* SIRouteTableViewController.xib in Resources */ = {isa = PBXBuildFile; fileRef = 6F1BF0CF192C6A080076E00D /* SIRouteTableViewController.xib */; };
		6F82503D1927DAB5008DD772 /* SIShuttleInAPIClient.m in Sources */ = {isa = PBXBuildFile; fileRef = 6F82503C1927DAB5008DD772 /* SIShuttleInAPIClient.m */; };
		6F8250401927E52D008DD772 /* SIDirection.m in Sources */ = {isa = PBXBuildFile; fileRef = 6F82503F1927E52D008DD772 /* SIDirection.m */; };
		6F8250431927EAA1008DD772 /* SIGeoLocation.m in Sources */ = {isa = PBXBuildFile; fileRef = 6F8250421927EAA1008DD772 /* SIGeoLocation.m */; };
		6F82504519288091008DD772 /* CoreLocation.framework in Frameworks */ = {isa = PBXBuildFile; fileRef = 6F82504419288091008DD772 /* CoreLocation.framework */; };
		6FC18185192706B800BA624F /* Foundation.framework in Frameworks */ = {isa = PBXBuildFile; fileRef = 6FC18184192706B800BA624F /* Foundation.framework */; };
		6FC18187192706B800BA624F /* CoreGraphics.framework in Frameworks */ = {isa = PBXBuildFile; fileRef = 6FC18186192706B800BA624F /* CoreGraphics.framework */; };
		6FC18189192706B800BA624F /* UIKit.framework in Frameworks */ = {isa = PBXBuildFile; fileRef = 6FC18188192706B800BA624F /* UIKit.framework */; };
		6FC1818F192706B800BA624F /* InfoPlist.strings in Resources */ = {isa = PBXBuildFile; fileRef = 6FC1818D192706B800BA624F /* InfoPlist.strings */; };
		6FC18191192706B800BA624F /* main.m in Sources */ = {isa = PBXBuildFile; fileRef = 6FC18190192706B800BA624F /* main.m */; };
		6FC18195192706B800BA624F /* SIAppDelegate.m in Sources */ = {isa = PBXBuildFile; fileRef = 6FC18194192706B800BA624F /* SIAppDelegate.m */; };
		6FC1819D192706B800BA624F /* Images.xcassets in Resources */ = {isa = PBXBuildFile; fileRef = 6FC1819C192706B800BA624F /* Images.xcassets */; };
		6FC181A4192706B800BA624F /* XCTest.framework in Frameworks */ = {isa = PBXBuildFile; fileRef = 6FC181A3192706B800BA624F /* XCTest.framework */; };
		6FC181A5192706B800BA624F /* Foundation.framework in Frameworks */ = {isa = PBXBuildFile; fileRef = 6FC18184192706B800BA624F /* Foundation.framework */; };
		6FC181A6192706B800BA624F /* UIKit.framework in Frameworks */ = {isa = PBXBuildFile; fileRef = 6FC18188192706B800BA624F /* UIKit.framework */; };
		6FC181AE192706B800BA624F /* InfoPlist.strings in Resources */ = {isa = PBXBuildFile; fileRef = 6FC181AC192706B800BA624F /* InfoPlist.strings */; };
		6FC181B0192706B800BA624F /* iShuttleInTests.m in Sources */ = {isa = PBXBuildFile; fileRef = 6FC181AF192706B800BA624F /* iShuttleInTests.m */; };
		6FD6D189192DC50600D8E37C /* SIHomeViewController.m in Sources */ = {isa = PBXBuildFile; fileRef = 6FD6D187192DC50600D8E37C /* SIHomeViewController.m */; };
		6FD6D18A192DC50600D8E37C /* SIHomeViewController.xib in Resources */ = {isa = PBXBuildFile; fileRef = 6FD6D188192DC50600D8E37C /* SIHomeViewController.xib */; };
		BA46E74CC60A4F0B85530184 /* libPods.a in Frameworks */ = {isa = PBXBuildFile; fileRef = B563839B38D54F91A13FC750 /* libPods.a */; };
/* End PBXBuildFile section */

/* Begin PBXContainerItemProxy section */
		6FC181A7192706B800BA624F /* PBXContainerItemProxy */ = {
			isa = PBXContainerItemProxy;
			containerPortal = 6FC18179192706B800BA624F /* Project object */;
			proxyType = 1;
			remoteGlobalIDString = 6FC18180192706B800BA624F;
			remoteInfo = iShuttleIn;
		};
/* End PBXContainerItemProxy section */

/* Begin PBXFileReference section */
		23509AC285FB49D88FE91A43 /* Pods.xcconfig */ = {isa = PBXFileReference; includeInIndex = 1; lastKnownFileType = text.xcconfig; name = Pods.xcconfig; path = Pods/Pods.xcconfig; sourceTree = "<group>"; };
		6F1BF0BD192C63550076E00D /* burger.png */ = {isa = PBXFileReference; lastKnownFileType = image.png; path = burger.png; sourceTree = "<group>"; };
		6F1BF0BE192C63550076E00D /* burger@2x.png */ = {isa = PBXFileReference; lastKnownFileType = image.png; path = "burger@2x.png"; sourceTree = "<group>"; };
		6F1BF0C1192C65310076E00D /* gear.png */ = {isa = PBXFileReference; lastKnownFileType = image.png; path = gear.png; sourceTree = "<group>"; };
		6F1BF0C2192C65310076E00D /* gear@2x.png */ = {isa = PBXFileReference; lastKnownFileType = image.png; path = "gear@2x.png"; sourceTree = "<group>"; };
		6F1BF0C3192C65310076E00D /* globe.png */ = {isa = PBXFileReference; lastKnownFileType = image.png; path = globe.png; sourceTree = "<group>"; };
		6F1BF0C4192C65310076E00D /* globe@2x.png */ = {isa = PBXFileReference; lastKnownFileType = image.png; path = "globe@2x.png"; sourceTree = "<group>"; };
		6F1BF0C5192C65310076E00D /* profile.png */ = {isa = PBXFileReference; lastKnownFileType = image.png; path = profile.png; sourceTree = "<group>"; };
		6F1BF0C6192C65310076E00D /* profile@2x.png */ = {isa = PBXFileReference; lastKnownFileType = image.png; path = "profile@2x.png"; sourceTree = "<group>"; };
		6F1BF0CD192C6A080076E00D /* SIRouteTableViewController.h */ = {isa = PBXFileReference; fileEncoding = 4; lastKnownFileType = sourcecode.c.h; path = SIRouteTableViewController.h; sourceTree = "<group>"; };
		6F1BF0CE192C6A080076E00D /* SIRouteTableViewController.m */ = {isa = PBXFileReference; fileEncoding = 4; lastKnownFileType = sourcecode.c.objc; path = SIRouteTableViewController.m; sourceTree = "<group>"; };
		6F1BF0CF192C6A080076E00D /* SIRouteTableViewController.xib */ = {isa = PBXFileReference; fileEncoding = 4; lastKnownFileType = file.xib; path = SIRouteTableViewController.xib; sourceTree = "<group>"; };
		6F82503B1927DAB5008DD772 /* SIShuttleInAPIClient.h */ = {isa = PBXFileReference; fileEncoding = 4; lastKnownFileType = sourcecode.c.h; path = SIShuttleInAPIClient.h; sourceTree = "<group>"; };
		6F82503C1927DAB5008DD772 /* SIShuttleInAPIClient.m */ = {isa = PBXFileReference; fileEncoding = 4; lastKnownFileType = sourcecode.c.objc; path = SIShuttleInAPIClient.m; sourceTree = "<group>"; };
		6F82503E1927E52D008DD772 /* SIDirection.h */ = {isa = PBXFileReference; fileEncoding = 4; lastKnownFileType = sourcecode.c.h; path = SIDirection.h; sourceTree = "<group>"; };
		6F82503F1927E52D008DD772 /* SIDirection.m */ = {isa = PBXFileReference; fileEncoding = 4; lastKnownFileType = sourcecode.c.objc; path = SIDirection.m; sourceTree = "<group>"; };
		6F8250411927EAA1008DD772 /* SIGeoLocation.h */ = {isa = PBXFileReference; fileEncoding = 4; lastKnownFileType = sourcecode.c.h; path = SIGeoLocation.h; sourceTree = "<group>"; };
		6F8250421927EAA1008DD772 /* SIGeoLocation.m */ = {isa = PBXFileReference; fileEncoding = 4; lastKnownFileType = sourcecode.c.objc; path = SIGeoLocation.m; sourceTree = "<group>"; };
		6F82504419288091008DD772 /* CoreLocation.framework */ = {isa = PBXFileReference; lastKnownFileType = wrapper.framework; name = CoreLocation.framework; path = System/Library/Frameworks/CoreLocation.framework; sourceTree = SDKROOT; };
		6FC18181192706B800BA624F /* iShuttleIn.app */ = {isa = PBXFileReference; explicitFileType = wrapper.application; includeInIndex = 0; path = iShuttleIn.app; sourceTree = BUILT_PRODUCTS_DIR; };
		6FC18184192706B800BA624F /* Foundation.framework */ = {isa = PBXFileReference; lastKnownFileType = wrapper.framework; name = Foundation.framework; path = System/Library/Frameworks/Foundation.framework; sourceTree = SDKROOT; };
		6FC18186192706B800BA624F /* CoreGraphics.framework */ = {isa = PBXFileReference; lastKnownFileType = wrapper.framework; name = CoreGraphics.framework; path = System/Library/Frameworks/CoreGraphics.framework; sourceTree = SDKROOT; };
		6FC18188192706B800BA624F /* UIKit.framework */ = {isa = PBXFileReference; lastKnownFileType = wrapper.framework; name = UIKit.framework; path = System/Library/Frameworks/UIKit.framework; sourceTree = SDKROOT; };
		6FC1818C192706B800BA624F /* iShuttleIn-Info.plist */ = {isa = PBXFileReference; lastKnownFileType = text.plist.xml; path = "iShuttleIn-Info.plist"; sourceTree = "<group>"; };
		6FC1818E192706B800BA624F /* en */ = {isa = PBXFileReference; lastKnownFileType = text.plist.strings; name = en; path = en.lproj/InfoPlist.strings; sourceTree = "<group>"; };
		6FC18190192706B800BA624F /* main.m */ = {isa = PBXFileReference; lastKnownFileType = sourcecode.c.objc; path = main.m; sourceTree = "<group>"; };
		6FC18192192706B800BA624F /* iShuttleIn-Prefix.pch */ = {isa = PBXFileReference; lastKnownFileType = sourcecode.c.h; path = "iShuttleIn-Prefix.pch"; sourceTree = "<group>"; };
		6FC18193192706B800BA624F /* SIAppDelegate.h */ = {isa = PBXFileReference; lastKnownFileType = sourcecode.c.h; path = SIAppDelegate.h; sourceTree = "<group>"; };
		6FC18194192706B800BA624F /* SIAppDelegate.m */ = {isa = PBXFileReference; lastKnownFileType = sourcecode.c.objc; path = SIAppDelegate.m; sourceTree = "<group>"; };
		6FC1819C192706B800BA624F /* Images.xcassets */ = {isa = PBXFileReference; lastKnownFileType = folder.assetcatalog; path = Images.xcassets; sourceTree = "<group>"; };
		6FC181A2192706B800BA624F /* iShuttleInTests.xctest */ = {isa = PBXFileReference; explicitFileType = wrapper.cfbundle; includeInIndex = 0; path = iShuttleInTests.xctest; sourceTree = BUILT_PRODUCTS_DIR; };
		6FC181A3192706B800BA624F /* XCTest.framework */ = {isa = PBXFileReference; lastKnownFileType = wrapper.framework; name = XCTest.framework; path = Library/Frameworks/XCTest.framework; sourceTree = DEVELOPER_DIR; };
		6FC181AB192706B800BA624F /* iShuttleInTests-Info.plist */ = {isa = PBXFileReference; lastKnownFileType = text.plist.xml; path = "iShuttleInTests-Info.plist"; sourceTree = "<group>"; };
		6FC181AD192706B800BA624F /* en */ = {isa = PBXFileReference; lastKnownFileType = text.plist.strings; name = en; path = en.lproj/InfoPlist.strings; sourceTree = "<group>"; };
		6FC181AF192706B800BA624F /* iShuttleInTests.m */ = {isa = PBXFileReference; lastKnownFileType = sourcecode.c.objc; path = iShuttleInTests.m; sourceTree = "<group>"; };
		6FD6D186192DC50600D8E37C /* SIHomeViewController.h */ = {isa = PBXFileReference; fileEncoding = 4; lastKnownFileType = sourcecode.c.h; path = SIHomeViewController.h; sourceTree = "<group>"; };
		6FD6D187192DC50600D8E37C /* SIHomeViewController.m */ = {isa = PBXFileReference; fileEncoding = 4; lastKnownFileType = sourcecode.c.objc; path = SIHomeViewController.m; sourceTree = "<group>"; };
		6FD6D188192DC50600D8E37C /* SIHomeViewController.xib */ = {isa = PBXFileReference; fileEncoding = 4; lastKnownFileType = file.xib; path = SIHomeViewController.xib; sourceTree = "<group>"; };
		B563839B38D54F91A13FC750 /* libPods.a */ = {isa = PBXFileReference; explicitFileType = archive.ar; includeInIndex = 0; path = libPods.a; sourceTree = BUILT_PRODUCTS_DIR; };
/* End PBXFileReference section */

/* Begin PBXFrameworksBuildPhase section */
		6FC1817E192706B800BA624F /* Frameworks */ = {
			isa = PBXFrameworksBuildPhase;
			buildActionMask = 2147483647;
			files = (
				6F82504519288091008DD772 /* CoreLocation.framework in Frameworks */,
				6FC18187192706B800BA624F /* CoreGraphics.framework in Frameworks */,
				6FC18189192706B800BA624F /* UIKit.framework in Frameworks */,
				6FC18185192706B800BA624F /* Foundation.framework in Frameworks */,
				BA46E74CC60A4F0B85530184 /* libPods.a in Frameworks */,
			);
			runOnlyForDeploymentPostprocessing = 0;
		};
		6FC1819F192706B800BA624F /* Frameworks */ = {
			isa = PBXFrameworksBuildPhase;
			buildActionMask = 2147483647;
			files = (
				6FC181A4192706B800BA624F /* XCTest.framework in Frameworks */,
				6FC181A6192706B800BA624F /* UIKit.framework in Frameworks */,
				6FC181A5192706B800BA624F /* Foundation.framework in Frameworks */,
			);
			runOnlyForDeploymentPostprocessing = 0;
		};
/* End PBXFrameworksBuildPhase section */

/* Begin PBXGroup section */
		6FC18178192706B800BA624F = {
			isa = PBXGroup;
			children = (
				6FC1818A192706B800BA624F /* iShuttleIn */,
				6FC181A9192706B800BA624F /* iShuttleInTests */,
				6FC18183192706B800BA624F /* Frameworks */,
				6FC18182192706B800BA624F /* Products */,
				23509AC285FB49D88FE91A43 /* Pods.xcconfig */,
			);
			sourceTree = "<group>";
		};
		6FC18182192706B800BA624F /* Products */ = {
			isa = PBXGroup;
			children = (
				6FC18181192706B800BA624F /* iShuttleIn.app */,
				6FC181A2192706B800BA624F /* iShuttleInTests.xctest */,
			);
			name = Products;
			sourceTree = "<group>";
		};
		6FC18183192706B800BA624F /* Frameworks */ = {
			isa = PBXGroup;
			children = (
				6F82504419288091008DD772 /* CoreLocation.framework */,
				6FC18184192706B800BA624F /* Foundation.framework */,
				6FC18186192706B800BA624F /* CoreGraphics.framework */,
				6FC18188192706B800BA624F /* UIKit.framework */,
				6FC181A3192706B800BA624F /* XCTest.framework */,
				B563839B38D54F91A13FC750 /* libPods.a */,
			);
			name = Frameworks;
			sourceTree = "<group>";
		};
		6FC1818A192706B800BA624F /* iShuttleIn */ = {
			isa = PBXGroup;
			children = (
				6F1BF0C1192C65310076E00D /* gear.png */,
				6F1BF0C2192C65310076E00D /* gear@2x.png */,
				6F1BF0C3192C65310076E00D /* globe.png */,
				6F1BF0C4192C65310076E00D /* globe@2x.png */,
				6F1BF0C5192C65310076E00D /* profile.png */,
				6F1BF0C6192C65310076E00D /* profile@2x.png */,
				6F1BF0BD192C63550076E00D /* burger.png */,
				6F1BF0BE192C63550076E00D /* burger@2x.png */,
				6FC18193192706B800BA624F /* SIAppDelegate.h */,
				6FC18194192706B800BA624F /* SIAppDelegate.m */,
				6FC1819C192706B800BA624F /* Images.xcassets */,
				6FC1818B192706B800BA624F /* Supporting Files */,
				6F82503B1927DAB5008DD772 /* SIShuttleInAPIClient.h */,
				6F82503C1927DAB5008DD772 /* SIShuttleInAPIClient.m */,
				6F82503E1927E52D008DD772 /* SIDirection.h */,
				6F82503F1927E52D008DD772 /* SIDirection.m */,
				6F8250411927EAA1008DD772 /* SIGeoLocation.h */,
				6F8250421927EAA1008DD772 /* SIGeoLocation.m */,
				6F1BF0CD192C6A080076E00D /* SIRouteTableViewController.h */,
				6F1BF0CE192C6A080076E00D /* SIRouteTableViewController.m */,
				6F1BF0CF192C6A080076E00D /* SIRouteTableViewController.xib */,
				6FD6D186192DC50600D8E37C /* SIHomeViewController.h */,
				6FD6D187192DC50600D8E37C /* SIHomeViewController.m */,
				6FD6D188192DC50600D8E37C /* SIHomeViewController.xib */,
			);
			path = iShuttleIn;
			sourceTree = "<group>";
		};
		6FC1818B192706B800BA624F /* Supporting Files */ = {
			isa = PBXGroup;
			children = (
				6FC1818C192706B800BA624F /* iShuttleIn-Info.plist */,
				6FC1818D192706B800BA624F /* InfoPlist.strings */,
				6FC18190192706B800BA624F /* main.m */,
				6FC18192192706B800BA624F /* iShuttleIn-Prefix.pch */,
			);
			name = "Supporting Files";
			sourceTree = "<group>";
		};
		6FC181A9192706B800BA624F /* iShuttleInTests */ = {
			isa = PBXGroup;
			children = (
				6FC181AF192706B800BA624F /* iShuttleInTests.m */,
				6FC181AA192706B800BA624F /* Supporting Files */,
			);
			path = iShuttleInTests;
			sourceTree = "<group>";
		};
		6FC181AA192706B800BA624F /* Supporting Files */ = {
			isa = PBXGroup;
			children = (
				6FC181AB192706B800BA624F /* iShuttleInTests-Info.plist */,
				6FC181AC192706B800BA624F /* InfoPlist.strings */,
			);
			name = "Supporting Files";
			sourceTree = "<group>";
		};
/* End PBXGroup section */

/* Begin PBXNativeTarget section */
		6FC18180192706B800BA624F /* iShuttleIn */ = {
			isa = PBXNativeTarget;
			buildConfigurationList = 6FC181B3192706B800BA624F /* Build configuration list for PBXNativeTarget "iShuttleIn" */;
			buildPhases = (
				45C53317061E4A239412807E /* Check Pods Manifest.lock */,
				6FC1817D192706B800BA624F /* Sources */,
				6FC1817E192706B800BA624F /* Frameworks */,
				6FC1817F192706B800BA624F /* Resources */,
				6F23B24FBB1448F4A2BD4B50 /* Copy Pods Resources */,
			);
			buildRules = (
			);
			dependencies = (
			);
			name = iShuttleIn;
			productName = iShuttleIn;
			productReference = 6FC18181192706B800BA624F /* iShuttleIn.app */;
			productType = "com.apple.product-type.application";
		};
		6FC181A1192706B800BA624F /* iShuttleInTests */ = {
			isa = PBXNativeTarget;
			buildConfigurationList = 6FC181B6192706B800BA624F /* Build configuration list for PBXNativeTarget "iShuttleInTests" */;
			buildPhases = (
				6FC1819E192706B800BA624F /* Sources */,
				6FC1819F192706B800BA624F /* Frameworks */,
				6FC181A0192706B800BA624F /* Resources */,
			);
			buildRules = (
			);
			dependencies = (
				6FC181A8192706B800BA624F /* PBXTargetDependency */,
			);
			name = iShuttleInTests;
			productName = iShuttleInTests;
			productReference = 6FC181A2192706B800BA624F /* iShuttleInTests.xctest */;
			productType = "com.apple.product-type.bundle.unit-test";
		};
/* End PBXNativeTarget section */

/* Begin PBXProject section */
		6FC18179192706B800BA624F /* Project object */ = {
			isa = PBXProject;
			attributes = {
				CLASSPREFIX = SI;
				LastUpgradeCheck = 0510;
				TargetAttributes = {
					6FC18180192706B800BA624F = {
						DevelopmentTeam = TXVL5UQ343;
					};
					6FC181A1192706B800BA624F = {
						TestTargetID = 6FC18180192706B800BA624F;
					};
				};
			};
			buildConfigurationList = 6FC1817C192706B800BA624F /* Build configuration list for PBXProject "iShuttleIn" */;
			compatibilityVersion = "Xcode 3.2";
			developmentRegion = English;
			hasScannedForEncodings = 0;
			knownRegions = (
				en,
				Base,
			);
			mainGroup = 6FC18178192706B800BA624F;
			productRefGroup = 6FC18182192706B800BA624F /* Products */;
			projectDirPath = "";
			projectRoot = "";
			targets = (
				6FC18180192706B800BA624F /* iShuttleIn */,
				6FC181A1192706B800BA624F /* iShuttleInTests */,
			);
		};
/* End PBXProject section */

/* Begin PBXResourcesBuildPhase section */
		6FC1817F192706B800BA624F /* Resources */ = {
			isa = PBXResourcesBuildPhase;
			buildActionMask = 2147483647;
			files = (
				6F1BF0BF192C63550076E00D /* burger.png in Resources */,
				6F1BF0C8192C65310076E00D /* gear@2x.png in Resources */,
				6F1BF0C0192C63550076E00D /* burger@2x.png in Resources */,
				6FD6D18A192DC50600D8E37C /* SIHomeViewController.xib in Resources */,
				6F1BF0CB192C65310076E00D /* profile.png in Resources */,
				6F1BF0C7192C65310076E00D /* gear.png in Resources */,
				6F1BF0D1192C6A080076E00D /* SIRouteTableViewController.xib in Resources */,
				6F1BF0CC192C65310076E00D /* profile@2x.png in Resources */,
				6FC1819D192706B800BA624F /* Images.xcassets in Resources */,
				6F1BF0C9192C65310076E00D /* globe.png in Resources */,
				6F1BF0CA192C65310076E00D /* globe@2x.png in Resources */,
				6FC1818F192706B800BA624F /* InfoPlist.strings in Resources */,
			);
			runOnlyForDeploymentPostprocessing = 0;
		};
		6FC181A0192706B800BA624F /* Resources */ = {
			isa = PBXResourcesBuildPhase;
			buildActionMask = 2147483647;
			files = (
				6FC181AE192706B800BA624F /* InfoPlist.strings in Resources */,
			);
			runOnlyForDeploymentPostprocessing = 0;
		};
/* End PBXResourcesBuildPhase section */

/* Begin PBXShellScriptBuildPhase section */
		45C53317061E4A239412807E /* Check Pods Manifest.lock */ = {
			isa = PBXShellScriptBuildPhase;
			buildActionMask = 2147483647;
			files = (
			);
			inputPaths = (
			);
			name = "Check Pods Manifest.lock";
			outputPaths = (
			);
			runOnlyForDeploymentPostprocessing = 0;
			shellPath = /bin/sh;
			shellScript = "diff \"${PODS_ROOT}/../Podfile.lock\" \"${PODS_ROOT}/Manifest.lock\" > /dev/null\nif [[ $? != 0 ]] ; then\n    cat << EOM\nerror: The sandbox is not in sync with the Podfile.lock. Run 'pod install' or update your CocoaPods installation.\nEOM\n    exit 1\nfi\n";
			showEnvVarsInLog = 0;
		};
		6F23B24FBB1448F4A2BD4B50 /* Copy Pods Resources */ = {
			isa = PBXShellScriptBuildPhase;
			buildActionMask = 2147483647;
			files = (
			);
			inputPaths = (
			);
			name = "Copy Pods Resources";
			outputPaths = (
			);
			runOnlyForDeploymentPostprocessing = 0;
			shellPath = /bin/sh;
			shellScript = "\"${SRCROOT}/Pods/Pods-resources.sh\"\n";
			showEnvVarsInLog = 0;
		};
/* End PBXShellScriptBuildPhase section */

/* Begin PBXSourcesBuildPhase section */
		6FC1817D192706B800BA624F /* Sources */ = {
			isa = PBXSourcesBuildPhase;
			buildActionMask = 2147483647;
			files = (
				6FC18195192706B800BA624F /* SIAppDelegate.m in Sources */,
				6F8250401927E52D008DD772 /* SIDirection.m in Sources */,
				6F82503D1927DAB5008DD772 /* SIShuttleInAPIClient.m in Sources */,
				6F8250431927EAA1008DD772 /* SIGeoLocation.m in Sources */,
				6FD6D189192DC50600D8E37C /* SIHomeViewController.m in Sources */,
				6F1BF0D0192C6A080076E00D /* SIRouteTableViewController.m in Sources */,
				6FC18191192706B800BA624F /* main.m in Sources */,
			);
			runOnlyForDeploymentPostprocessing = 0;
		};
		6FC1819E192706B800BA624F /* Sources */ = {
			isa = PBXSourcesBuildPhase;
			buildActionMask = 2147483647;
			files = (
				6FC181B0192706B800BA624F /* iShuttleInTests.m in Sources */,
			);
			runOnlyForDeploymentPostprocessing = 0;
		};
/* End PBXSourcesBuildPhase section */

/* Begin PBXTargetDependency section */
		6FC181A8192706B800BA624F /* PBXTargetDependency */ = {
			isa = PBXTargetDependency;
			target = 6FC18180192706B800BA624F /* iShuttleIn */;
			targetProxy = 6FC181A7192706B800BA624F /* PBXContainerItemProxy */;
		};
/* End PBXTargetDependency section */

/* Begin PBXVariantGroup section */
		6FC1818D192706B800BA624F /* InfoPlist.strings */ = {
			isa = PBXVariantGroup;
			children = (
				6FC1818E192706B800BA624F /* en */,
			);
			name = InfoPlist.strings;
			sourceTree = "<group>";
		};
		6FC181AC192706B800BA624F /* InfoPlist.strings */ = {
			isa = PBXVariantGroup;
			children = (
				6FC181AD192706B800BA624F /* en */,
			);
			name = InfoPlist.strings;
			sourceTree = "<group>";
		};
/* End PBXVariantGroup section */

/* Begin XCBuildConfiguration section */
		6FC181B1192706B800BA624F /* Debug */ = {
			isa = XCBuildConfiguration;
			buildSettings = {
				ALWAYS_SEARCH_USER_PATHS = NO;
				CLANG_CXX_LANGUAGE_STANDARD = "gnu++0x";
				CLANG_CXX_LIBRARY = "libc++";
				CLANG_ENABLE_MODULES = YES;
				CLANG_ENABLE_OBJC_ARC = YES;
				CLANG_WARN_BOOL_CONVERSION = YES;
				CLANG_WARN_CONSTANT_CONVERSION = YES;
				CLANG_WARN_DIRECT_OBJC_ISA_USAGE = YES_ERROR;
				CLANG_WARN_EMPTY_BODY = YES;
				CLANG_WARN_ENUM_CONVERSION = YES;
				CLANG_WARN_INT_CONVERSION = YES;
				CLANG_WARN_OBJC_ROOT_CLASS = YES_ERROR;
				CLANG_WARN__DUPLICATE_METHOD_MATCH = YES;
				"CODE_SIGN_IDENTITY[sdk=iphoneos*]" = "iPhone Developer";
				COPY_PHASE_STRIP = NO;
				GCC_C_LANGUAGE_STANDARD = gnu99;
				GCC_DYNAMIC_NO_PIC = NO;
				GCC_OPTIMIZATION_LEVEL = 0;
				GCC_PREPROCESSOR_DEFINITIONS = (
					"DEBUG=1",
					"$(inherited)",
				);
				GCC_SYMBOLS_PRIVATE_EXTERN = NO;
				GCC_WARN_64_TO_32_BIT_CONVERSION = YES;
				GCC_WARN_ABOUT_RETURN_TYPE = YES_ERROR;
				GCC_WARN_UNDECLARED_SELECTOR = YES;
				GCC_WARN_UNINITIALIZED_AUTOS = YES_AGGRESSIVE;
				GCC_WARN_UNUSED_FUNCTION = YES;
				GCC_WARN_UNUSED_VARIABLE = YES;
				IPHONEOS_DEPLOYMENT_TARGET = 7.1;
				ONLY_ACTIVE_ARCH = YES;
				SDKROOT = iphoneos;
			};
			name = Debug;
		};
		6FC181B2192706B800BA624F /* Release */ = {
			isa = XCBuildConfiguration;
			buildSettings = {
				ALWAYS_SEARCH_USER_PATHS = NO;
				CLANG_CXX_LANGUAGE_STANDARD = "gnu++0x";
				CLANG_CXX_LIBRARY = "libc++";
				CLANG_ENABLE_MODULES = YES;
				CLANG_ENABLE_OBJC_ARC = YES;
				CLANG_WARN_BOOL_CONVERSION = YES;
				CLANG_WARN_CONSTANT_CONVERSION = YES;
				CLANG_WARN_DIRECT_OBJC_ISA_USAGE = YES_ERROR;
				CLANG_WARN_EMPTY_BODY = YES;
				CLANG_WARN_ENUM_CONVERSION = YES;
				CLANG_WARN_INT_CONVERSION = YES;
				CLANG_WARN_OBJC_ROOT_CLASS = YES_ERROR;
				CLANG_WARN__DUPLICATE_METHOD_MATCH = YES;
				"CODE_SIGN_IDENTITY[sdk=iphoneos*]" = "iPhone Developer";
				COPY_PHASE_STRIP = YES;
				ENABLE_NS_ASSERTIONS = NO;
				GCC_C_LANGUAGE_STANDARD = gnu99;
				GCC_WARN_64_TO_32_BIT_CONVERSION = YES;
				GCC_WARN_ABOUT_RETURN_TYPE = YES_ERROR;
				GCC_WARN_UNDECLARED_SELECTOR = YES;
				GCC_WARN_UNINITIALIZED_AUTOS = YES_AGGRESSIVE;
				GCC_WARN_UNUSED_FUNCTION = YES;
				GCC_WARN_UNUSED_VARIABLE = YES;
				IPHONEOS_DEPLOYMENT_TARGET = 7.1;
				SDKROOT = iphoneos;
				VALIDATE_PRODUCT = YES;
			};
			name = Release;
		};
		6FC181B4192706B800BA624F /* Debug */ = {
			isa = XCBuildConfiguration;
			baseConfigurationReference = 23509AC285FB49D88FE91A43 /* Pods.xcconfig */;
			buildSettings = {
				ASSETCATALOG_COMPILER_APPICON_NAME = AppIcon;
				ASSETCATALOG_COMPILER_LAUNCHIMAGE_NAME = LaunchImage;
				CODE_SIGN_IDENTITY = "iPhone Developer";
				"CODE_SIGN_IDENTITY[sdk=iphoneos*]" = "iPhone Developer";
				GCC_PRECOMPILE_PREFIX_HEADER = YES;
				GCC_PREFIX_HEADER = "iShuttleIn/iShuttleIn-Prefix.pch";
				INFOPLIST_FILE = "iShuttleIn/iShuttleIn-Info.plist";
				PRODUCT_NAME = "$(TARGET_NAME)";
				PROVISIONING_PROFILE = "";
				WRAPPER_EXTENSION = app;
			};
			name = Debug;
		};
		6FC181B5192706B800BA624F /* Release */ = {
			isa = XCBuildConfiguration;
			baseConfigurationReference = 23509AC285FB49D88FE91A43 /* Pods.xcconfig */;
			buildSettings = {
				ASSETCATALOG_COMPILER_APPICON_NAME = AppIcon;
				ASSETCATALOG_COMPILER_LAUNCHIMAGE_NAME = LaunchImage;
				CODE_SIGN_IDENTITY = "iPhone Developer";
				"CODE_SIGN_IDENTITY[sdk=iphoneos*]" = "iPhone Developer";
				GCC_PRECOMPILE_PREFIX_HEADER = YES;
				GCC_PREFIX_HEADER = "iShuttleIn/iShuttleIn-Prefix.pch";
				INFOPLIST_FILE = "iShuttleIn/iShuttleIn-Info.plist";
				PRODUCT_NAME = "$(TARGET_NAME)";
				PROVISIONING_PROFILE = "";
				WRAPPER_EXTENSION = app;
			};
			name = Release;
		};
		6FC181B7192706B800BA624F /* Debug */ = {
			isa = XCBuildConfiguration;
			buildSettings = {
				BUNDLE_LOADER = "$(BUILT_PRODUCTS_DIR)/iShuttleIn.app/iShuttleIn";
				FRAMEWORK_SEARCH_PATHS = (
					"$(SDKROOT)/Developer/Library/Frameworks",
					"$(inherited)",
					"$(DEVELOPER_FRAMEWORKS_DIR)",
				);
				GCC_PRECOMPILE_PREFIX_HEADER = YES;
				GCC_PREFIX_HEADER = "iShuttleIn/iShuttleIn-Prefix.pch";
				GCC_PREPROCESSOR_DEFINITIONS = (
					"DEBUG=1",
					"$(inherited)",
				);
				INFOPLIST_FILE = "iShuttleInTests/iShuttleInTests-Info.plist";
				PRODUCT_NAME = "$(TARGET_NAME)";
				TEST_HOST = "$(BUNDLE_LOADER)";
				WRAPPER_EXTENSION = xctest;
			};
			name = Debug;
		};
		6FC181B8192706B800BA624F /* Release */ = {
			isa = XCBuildConfiguration;
			buildSettings = {
				BUNDLE_LOADER = "$(BUILT_PRODUCTS_DIR)/iShuttleIn.app/iShuttleIn";
				FRAMEWORK_SEARCH_PATHS = (
					"$(SDKROOT)/Developer/Library/Frameworks",
					"$(inherited)",
					"$(DEVELOPER_FRAMEWORKS_DIR)",
				);
				GCC_PRECOMPILE_PREFIX_HEADER = YES;
				GCC_PREFIX_HEADER = "iShuttleIn/iShuttleIn-Prefix.pch";
				INFOPLIST_FILE = "iShuttleInTests/iShuttleInTests-Info.plist";
				PRODUCT_NAME = "$(TARGET_NAME)";
				TEST_HOST = "$(BUNDLE_LOADER)";
				WRAPPER_EXTENSION = xctest;
			};
			name = Release;
		};
/* End XCBuildConfiguration section */

/* Begin XCConfigurationList section */
		6FC1817C192706B800BA624F /* Build configuration list for PBXProject "iShuttleIn" */ = {
			isa = XCConfigurationList;
			buildConfigurations = (
				6FC181B1192706B800BA624F /* Debug */,
				6FC181B2192706B800BA624F /* Release */,
			);
			defaultConfigurationIsVisible = 0;
			defaultConfigurationName = Release;
		};
		6FC181B3192706B800BA624F /* Build configuration list for PBXNativeTarget "iShuttleIn" */ = {
			isa = XCConfigurationList;
			buildConfigurations = (
				6FC181B4192706B800BA624F /* Debug */,
				6FC181B5192706B800BA624F /* Release */,
			);
			defaultConfigurationIsVisible = 0;
			defaultConfigurationName = Release;
		};
		6FC181B6192706B800BA624F /* Build configuration list for PBXNativeTarget "iShuttleInTests" */ = {
			isa = XCConfigurationList;
			buildConfigurations = (
				6FC181B7192706B800BA624F /* Debug */,
				6FC181B8192706B800BA624F /* Release */,
			);
			defaultConfigurationIsVisible = 0;
			defaultConfigurationName = Release;
		};
/* End XCConfigurationList section */
	};
	rootObject = 6FC18179192706B800BA624F /* Project object */;
}
